
Microsoft Visual Studio Solution File, Format Version 12.00
# Visual Studio 15
VisualStudioVersion = 15.0.28307.271
MinimumVisualStudioVersion = 10.0.40219.1
Project("{FAE04EC0-301F-11D3-BF4B-00C04F79EFBC}") = "Homework07_Player", "Homework07_Player\Homework07_Player.csproj", "{A3CB5B94-F2A2-41D3-8846-73926E087B36}"
EndProject
Global
	GlobalSection(SolutionConfigurationPlatforms) = preSolution
		Debug|Any CPU = Debug|Any CPU
		Release|Any CPU = Release|Any CPU
	EndGlobalSection
	GlobalSection(ProjectConfigurationPlatforms) = postSolution
		{A3CB5B94-F2A2-41D3-8846-73926E087B36}.Debug|Any CPU.ActiveCfg = Debug|Any CPU
		{A3CB5B94-F2A2-41D3-8846-73926E087B36}.Debug|Any CPU.Build.0 = Debug|Any CPU
		{A3CB5B94-F2A2-41D3-8846-73926E087B36}.Release|Any CPU.ActiveCfg = Release|Any CPU
		{A3CB5B94-F2A2-41D3-8846-73926E087B36}.Release|Any CPU.Build.0 = Release|Any CPU
	EndGlobalSection
	GlobalSection(SolutionProperties) = preSolution
		HideSolutionNode = FALSE
	EndGlobalSection
	GlobalSection(ExtensibilityGlobals) = postSolution
		SolutionGuid = {7977F476-38DA-4C28-88C8-DA6C13B32C65}
	EndGlobalSection
EndGlobal
