
Microsoft Visual Studio Solution File, Format Version 12.00
# Visual Studio 15
VisualStudioVersion = 15.0.28307.271
MinimumVisualStudioVersion = 10.0.40219.1
Project("{FAE04EC0-301F-11D3-BF4B-00C04F79EFBC}") = "Homework03_optional", "Homework03_optional\Homework03_optional.csproj", "{DD94A22C-E1A9-418F-A027-B0DE2DF0E455}"
EndProject
Global
	GlobalSection(SolutionConfigurationPlatforms) = preSolution
		Debug|Any CPU = Debug|Any CPU
		Release|Any CPU = Release|Any CPU
	EndGlobalSection
	GlobalSection(ProjectConfigurationPlatforms) = postSolution
		{DD94A22C-E1A9-418F-A027-B0DE2DF0E455}.Debug|Any CPU.ActiveCfg = Debug|Any CPU
		{DD94A22C-E1A9-418F-A027-B0DE2DF0E455}.Debug|Any CPU.Build.0 = Debug|Any CPU
		{DD94A22C-E1A9-418F-A027-B0DE2DF0E455}.Release|Any CPU.ActiveCfg = Release|Any CPU
		{DD94A22C-E1A9-418F-A027-B0DE2DF0E455}.Release|Any CPU.Build.0 = Release|Any CPU
	EndGlobalSection
	GlobalSection(SolutionProperties) = preSolution
		HideSolutionNode = FALSE
	EndGlobalSection
	GlobalSection(ExtensibilityGlobals) = postSolution
		SolutionGuid = {0354F7A2-12A3-480B-A252-335B4559A805}
	EndGlobalSection
EndGlobal
