
Microsoft Visual Studio Solution File, Format Version 12.00
# Visual Studio 15
VisualStudioVersion = 15.0.28307.271
MinimumVisualStudioVersion = 10.0.40219.1
Project("{FAE04EC0-301F-11D3-BF4B-00C04F79EFBC}") = "ClassPlayer", "ClassPlayer\ClassPlayer.csproj", "{6CC7308A-D7D1-4741-8388-11481FE168A4}"
EndProject
Project("{FAE04EC0-301F-11D3-BF4B-00C04F79EFBC}") = "BankLoan", "BankLoan\BankLoan.csproj", "{B8EB4C7F-B1CB-4C26-B2A9-D66F9DCD0FA8}"
EndProject
Global
	GlobalSection(SolutionConfigurationPlatforms) = preSolution
		Debug|Any CPU = Debug|Any CPU
		Release|Any CPU = Release|Any CPU
	EndGlobalSection
	GlobalSection(ProjectConfigurationPlatforms) = postSolution
		{6CC7308A-D7D1-4741-8388-11481FE168A4}.Debug|Any CPU.ActiveCfg = Debug|Any CPU
		{6CC7308A-D7D1-4741-8388-11481FE168A4}.Debug|Any CPU.Build.0 = Debug|Any CPU
		{6CC7308A-D7D1-4741-8388-11481FE168A4}.Release|Any CPU.ActiveCfg = Release|Any CPU
		{6CC7308A-D7D1-4741-8388-11481FE168A4}.Release|Any CPU.Build.0 = Release|Any CPU
		{B8EB4C7F-B1CB-4C26-B2A9-D66F9DCD0FA8}.Debug|Any CPU.ActiveCfg = Debug|Any CPU
		{B8EB4C7F-B1CB-4C26-B2A9-D66F9DCD0FA8}.Debug|Any CPU.Build.0 = Debug|Any CPU
		{B8EB4C7F-B1CB-4C26-B2A9-D66F9DCD0FA8}.Release|Any CPU.ActiveCfg = Release|Any CPU
		{B8EB4C7F-B1CB-4C26-B2A9-D66F9DCD0FA8}.Release|Any CPU.Build.0 = Release|Any CPU
	EndGlobalSection
	GlobalSection(SolutionProperties) = preSolution
		HideSolutionNode = FALSE
	EndGlobalSection
	GlobalSection(ExtensibilityGlobals) = postSolution
		SolutionGuid = {0D4390AA-C738-4F8A-BA7E-41588B241196}
	EndGlobalSection
EndGlobal
