
Microsoft Visual Studio Solution File, Format Version 12.00
# Visual Studio 15
VisualStudioVersion = 15.0.28307.421
MinimumVisualStudioVersion = 10.0.40219.1
Project("{FAE04EC0-301F-11D3-BF4B-00C04F79EFBC}") = "ShopException", "ShopException\ShopException.csproj", "{71334889-221B-4D24-8991-F22679482253}"
EndProject
Project("{FAE04EC0-301F-11D3-BF4B-00C04F79EFBC}") = "ClassException", "ClassException\ClassException.csproj", "{9582EBA2-5898-4C93-BF60-8AB45105D0EA}"
EndProject
Global
	GlobalSection(SolutionConfigurationPlatforms) = preSolution
		Debug|Any CPU = Debug|Any CPU
		Release|Any CPU = Release|Any CPU
	EndGlobalSection
	GlobalSection(ProjectConfigurationPlatforms) = postSolution
		{71334889-221B-4D24-8991-F22679482253}.Debug|Any CPU.ActiveCfg = Debug|Any CPU
		{71334889-221B-4D24-8991-F22679482253}.Debug|Any CPU.Build.0 = Debug|Any CPU
		{71334889-221B-4D24-8991-F22679482253}.Release|Any CPU.ActiveCfg = Release|Any CPU
		{71334889-221B-4D24-8991-F22679482253}.Release|Any CPU.Build.0 = Release|Any CPU
		{9582EBA2-5898-4C93-BF60-8AB45105D0EA}.Debug|Any CPU.ActiveCfg = Debug|Any CPU
		{9582EBA2-5898-4C93-BF60-8AB45105D0EA}.Debug|Any CPU.Build.0 = Debug|Any CPU
		{9582EBA2-5898-4C93-BF60-8AB45105D0EA}.Release|Any CPU.ActiveCfg = Release|Any CPU
		{9582EBA2-5898-4C93-BF60-8AB45105D0EA}.Release|Any CPU.Build.0 = Release|Any CPU
	EndGlobalSection
	GlobalSection(SolutionProperties) = preSolution
		HideSolutionNode = FALSE
	EndGlobalSection
	GlobalSection(ExtensibilityGlobals) = postSolution
		SolutionGuid = {D2AED65B-E447-437A-B10F-A6F9FB232A5D}
	EndGlobalSection
EndGlobal
