
Microsoft Visual Studio Solution File, Format Version 12.00
# Visual Studio 15
VisualStudioVersion = 15.0.28307.271
MinimumVisualStudioVersion = 10.0.40219.1
Project("{FAE04EC0-301F-11D3-BF4B-00C04F79EFBC}") = "Homework07_Loan", "Homework07_Loan\Homework07_Loan.csproj", "{5E18458C-A754-4542-9B3A-B7B9C2FC52F3}"
EndProject
Global
	GlobalSection(SolutionConfigurationPlatforms) = preSolution
		Debug|Any CPU = Debug|Any CPU
		Release|Any CPU = Release|Any CPU
	EndGlobalSection
	GlobalSection(ProjectConfigurationPlatforms) = postSolution
		{5E18458C-A754-4542-9B3A-B7B9C2FC52F3}.Debug|Any CPU.ActiveCfg = Debug|Any CPU
		{5E18458C-A754-4542-9B3A-B7B9C2FC52F3}.Debug|Any CPU.Build.0 = Debug|Any CPU
		{5E18458C-A754-4542-9B3A-B7B9C2FC52F3}.Release|Any CPU.ActiveCfg = Release|Any CPU
		{5E18458C-A754-4542-9B3A-B7B9C2FC52F3}.Release|Any CPU.Build.0 = Release|Any CPU
	EndGlobalSection
	GlobalSection(SolutionProperties) = preSolution
		HideSolutionNode = FALSE
	EndGlobalSection
	GlobalSection(ExtensibilityGlobals) = postSolution
		SolutionGuid = {79E3E97B-4D27-4784-8E83-9D67F523FBB5}
	EndGlobalSection
EndGlobal
