
Microsoft Visual Studio Solution File, Format Version 12.00
# Visual Studio 15
VisualStudioVersion = 15.0.28307.329
MinimumVisualStudioVersion = 10.0.40219.1
Project("{FAE04EC0-301F-11D3-BF4B-00C04F79EFBC}") = "Arrays", "Arrays\Arrays.csproj", "{F2EC9DA7-3AB0-4824-A71C-F7B45F8FA4FA}"
EndProject
Project("{FAE04EC0-301F-11D3-BF4B-00C04F79EFBC}") = "Palindrome", "Palindrome\Palindrome.csproj", "{C215BF56-2F2E-48EA-B00D-AA0B33DBABDF}"
EndProject
Project("{FAE04EC0-301F-11D3-BF4B-00C04F79EFBC}") = "ShopClass", "ShopClass\ShopClass.csproj", "{80442CA2-FB96-4933-87F8-184BE7AB4743}"
EndProject
Project("{FAE04EC0-301F-11D3-BF4B-00C04F79EFBC}") = "MusicPlayer", "MusicPlayer\MusicPlayer.csproj", "{37176473-01B1-4AC5-8B45-EF8FE0ADA4A1}"
EndProject
Project("{FAE04EC0-301F-11D3-BF4B-00C04F79EFBC}") = "Perimeter", "Perimeter\Perimeter.csproj", "{E24CA4AB-66B4-4AE0-B0D7-34FE9672F3D1}"
EndProject
Global
	GlobalSection(SolutionConfigurationPlatforms) = preSolution
		Debug|Any CPU = Debug|Any CPU
		Release|Any CPU = Release|Any CPU
	EndGlobalSection
	GlobalSection(ProjectConfigurationPlatforms) = postSolution
		{F2EC9DA7-3AB0-4824-A71C-F7B45F8FA4FA}.Debug|Any CPU.ActiveCfg = Debug|Any CPU
		{F2EC9DA7-3AB0-4824-A71C-F7B45F8FA4FA}.Debug|Any CPU.Build.0 = Debug|Any CPU
		{F2EC9DA7-3AB0-4824-A71C-F7B45F8FA4FA}.Release|Any CPU.ActiveCfg = Release|Any CPU
		{F2EC9DA7-3AB0-4824-A71C-F7B45F8FA4FA}.Release|Any CPU.Build.0 = Release|Any CPU
		{C215BF56-2F2E-48EA-B00D-AA0B33DBABDF}.Debug|Any CPU.ActiveCfg = Debug|Any CPU
		{C215BF56-2F2E-48EA-B00D-AA0B33DBABDF}.Debug|Any CPU.Build.0 = Debug|Any CPU
		{C215BF56-2F2E-48EA-B00D-AA0B33DBABDF}.Release|Any CPU.ActiveCfg = Release|Any CPU
		{C215BF56-2F2E-48EA-B00D-AA0B33DBABDF}.Release|Any CPU.Build.0 = Release|Any CPU
		{80442CA2-FB96-4933-87F8-184BE7AB4743}.Debug|Any CPU.ActiveCfg = Debug|Any CPU
		{80442CA2-FB96-4933-87F8-184BE7AB4743}.Debug|Any CPU.Build.0 = Debug|Any CPU
		{80442CA2-FB96-4933-87F8-184BE7AB4743}.Release|Any CPU.ActiveCfg = Release|Any CPU
		{80442CA2-FB96-4933-87F8-184BE7AB4743}.Release|Any CPU.Build.0 = Release|Any CPU
		{37176473-01B1-4AC5-8B45-EF8FE0ADA4A1}.Debug|Any CPU.ActiveCfg = Debug|Any CPU
		{37176473-01B1-4AC5-8B45-EF8FE0ADA4A1}.Debug|Any CPU.Build.0 = Debug|Any CPU
		{37176473-01B1-4AC5-8B45-EF8FE0ADA4A1}.Release|Any CPU.ActiveCfg = Release|Any CPU
		{37176473-01B1-4AC5-8B45-EF8FE0ADA4A1}.Release|Any CPU.Build.0 = Release|Any CPU
		{E24CA4AB-66B4-4AE0-B0D7-34FE9672F3D1}.Debug|Any CPU.ActiveCfg = Debug|Any CPU
		{E24CA4AB-66B4-4AE0-B0D7-34FE9672F3D1}.Debug|Any CPU.Build.0 = Debug|Any CPU
		{E24CA4AB-66B4-4AE0-B0D7-34FE9672F3D1}.Release|Any CPU.ActiveCfg = Release|Any CPU
		{E24CA4AB-66B4-4AE0-B0D7-34FE9672F3D1}.Release|Any CPU.Build.0 = Release|Any CPU
	EndGlobalSection
	GlobalSection(SolutionProperties) = preSolution
		HideSolutionNode = FALSE
	EndGlobalSection
	GlobalSection(ExtensibilityGlobals) = postSolution
		SolutionGuid = {9C423802-4302-4DA3-8752-F7A11723BF15}
	EndGlobalSection
EndGlobal
