
Microsoft Visual Studio Solution File, Format Version 12.00
# Visual Studio 15
VisualStudioVersion = 15.0.28307.168
MinimumVisualStudioVersion = 10.0.40219.1
Project("{FAE04EC0-301F-11D3-BF4B-00C04F79EFBC}") = "HW2", "HW2\HW2.csproj", "{CB11DA3B-F2B1-43B3-B465-F8C386A17638}"
EndProject
Project("{FAE04EC0-301F-11D3-BF4B-00C04F79EFBC}") = "HW3", "HW3\HW3.csproj", "{51662E0A-1DE3-429C-A72F-5E61B256E0BD}"
EndProject
Global
	GlobalSection(SolutionConfigurationPlatforms) = preSolution
		Debug|Any CPU = Debug|Any CPU
		Release|Any CPU = Release|Any CPU
	EndGlobalSection
	GlobalSection(ProjectConfigurationPlatforms) = postSolution
		{CB11DA3B-F2B1-43B3-B465-F8C386A17638}.Debug|Any CPU.ActiveCfg = Debug|Any CPU
		{CB11DA3B-F2B1-43B3-B465-F8C386A17638}.Debug|Any CPU.Build.0 = Debug|Any CPU
		{CB11DA3B-F2B1-43B3-B465-F8C386A17638}.Release|Any CPU.ActiveCfg = Release|Any CPU
		{CB11DA3B-F2B1-43B3-B465-F8C386A17638}.Release|Any CPU.Build.0 = Release|Any CPU
		{51662E0A-1DE3-429C-A72F-5E61B256E0BD}.Debug|Any CPU.ActiveCfg = Debug|Any CPU
		{51662E0A-1DE3-429C-A72F-5E61B256E0BD}.Debug|Any CPU.Build.0 = Debug|Any CPU
		{51662E0A-1DE3-429C-A72F-5E61B256E0BD}.Release|Any CPU.ActiveCfg = Release|Any CPU
		{51662E0A-1DE3-429C-A72F-5E61B256E0BD}.Release|Any CPU.Build.0 = Release|Any CPU
	EndGlobalSection
	GlobalSection(SolutionProperties) = preSolution
		HideSolutionNode = FALSE
	EndGlobalSection
	GlobalSection(ExtensibilityGlobals) = postSolution
		SolutionGuid = {3D3A8F83-0CC6-47C7-9C9A-7994A3AD55D9}
	EndGlobalSection
EndGlobal
