
Microsoft Visual Studio Solution File, Format Version 12.00
# Visual Studio 15
VisualStudioVersion = 15.0.28307.329
MinimumVisualStudioVersion = 10.0.40219.1
Project("{FAE04EC0-301F-11D3-BF4B-00C04F79EFBC}") = "Document", "Document\Document.csproj", "{B05CC32A-9E2A-4C8D-968B-577319AD1529}"
EndProject
Project("{FAE04EC0-301F-11D3-BF4B-00C04F79EFBC}") = "Vehicles", "Vehicles\Vehicles.csproj", "{636EB376-2BE7-4221-8920-5ACEF6DC060C}"
EndProject
Global
	GlobalSection(SolutionConfigurationPlatforms) = preSolution
		Debug|Any CPU = Debug|Any CPU
		Release|Any CPU = Release|Any CPU
	EndGlobalSection
	GlobalSection(ProjectConfigurationPlatforms) = postSolution
		{B05CC32A-9E2A-4C8D-968B-577319AD1529}.Debug|Any CPU.ActiveCfg = Debug|Any CPU
		{B05CC32A-9E2A-4C8D-968B-577319AD1529}.Debug|Any CPU.Build.0 = Debug|Any CPU
		{B05CC32A-9E2A-4C8D-968B-577319AD1529}.Release|Any CPU.ActiveCfg = Release|Any CPU
		{B05CC32A-9E2A-4C8D-968B-577319AD1529}.Release|Any CPU.Build.0 = Release|Any CPU
		{636EB376-2BE7-4221-8920-5ACEF6DC060C}.Debug|Any CPU.ActiveCfg = Debug|Any CPU
		{636EB376-2BE7-4221-8920-5ACEF6DC060C}.Debug|Any CPU.Build.0 = Debug|Any CPU
		{636EB376-2BE7-4221-8920-5ACEF6DC060C}.Release|Any CPU.ActiveCfg = Release|Any CPU
		{636EB376-2BE7-4221-8920-5ACEF6DC060C}.Release|Any CPU.Build.0 = Release|Any CPU
	EndGlobalSection
	GlobalSection(SolutionProperties) = preSolution
		HideSolutionNode = FALSE
	EndGlobalSection
	GlobalSection(ExtensibilityGlobals) = postSolution
		SolutionGuid = {E1F162F4-1035-4CA4-B1A2-491CD94E2276}
	EndGlobalSection
EndGlobal
