
Microsoft Visual Studio Solution File, Format Version 12.00
# Visual Studio 15
VisualStudioVersion = 15.0.28307.271
MinimumVisualStudioVersion = 10.0.40219.1
Project("{FAE04EC0-301F-11D3-BF4B-00C04F79EFBC}") = "AddJob2", "AddJob2\AddJob2.csproj", "{916A9909-594D-4EF5-8C71-F6922B58195F}"
EndProject
Global
	GlobalSection(SolutionConfigurationPlatforms) = preSolution
		Debug|Any CPU = Debug|Any CPU
		Release|Any CPU = Release|Any CPU
	EndGlobalSection
	GlobalSection(ProjectConfigurationPlatforms) = postSolution
		{916A9909-594D-4EF5-8C71-F6922B58195F}.Debug|Any CPU.ActiveCfg = Debug|Any CPU
		{916A9909-594D-4EF5-8C71-F6922B58195F}.Debug|Any CPU.Build.0 = Debug|Any CPU
		{916A9909-594D-4EF5-8C71-F6922B58195F}.Release|Any CPU.ActiveCfg = Release|Any CPU
		{916A9909-594D-4EF5-8C71-F6922B58195F}.Release|Any CPU.Build.0 = Release|Any CPU
	EndGlobalSection
	GlobalSection(SolutionProperties) = preSolution
		HideSolutionNode = FALSE
	EndGlobalSection
	GlobalSection(ExtensibilityGlobals) = postSolution
		SolutionGuid = {4F2C68B2-8F3F-4898-BE7C-429D00B0FDE6}
	EndGlobalSection
EndGlobal
