
Microsoft Visual Studio Solution File, Format Version 12.00
# Visual Studio 15
VisualStudioVersion = 15.0.28307.329
MinimumVisualStudioVersion = 10.0.40219.1
Project("{FAE04EC0-301F-11D3-BF4B-00C04F79EFBC}") = "Player_Interfaces", "Player_Interfaces\Player_Interfaces.csproj", "{BA9B3872-8BA2-4A27-B2DD-DDFD8DC41B3A}"
EndProject
Project("{FAE04EC0-301F-11D3-BF4B-00C04F79EFBC}") = "Player_Power", "Player_Power\Player_Power.csproj", "{27CF0248-033B-4B7A-887E-1F7066AA916E}"
EndProject
Project("{FAE04EC0-301F-11D3-BF4B-00C04F79EFBC}") = "Player_PowerTests", "Player_PowerTests\Player_PowerTests.csproj", "{1EE6C1BF-0474-4C44-AF69-8BD623A68985}"
EndProject
Global
	GlobalSection(SolutionConfigurationPlatforms) = preSolution
		Debug|Any CPU = Debug|Any CPU
		Release|Any CPU = Release|Any CPU
	EndGlobalSection
	GlobalSection(ProjectConfigurationPlatforms) = postSolution
		{BA9B3872-8BA2-4A27-B2DD-DDFD8DC41B3A}.Debug|Any CPU.ActiveCfg = Debug|Any CPU
		{BA9B3872-8BA2-4A27-B2DD-DDFD8DC41B3A}.Debug|Any CPU.Build.0 = Debug|Any CPU
		{BA9B3872-8BA2-4A27-B2DD-DDFD8DC41B3A}.Release|Any CPU.ActiveCfg = Release|Any CPU
		{BA9B3872-8BA2-4A27-B2DD-DDFD8DC41B3A}.Release|Any CPU.Build.0 = Release|Any CPU
		{27CF0248-033B-4B7A-887E-1F7066AA916E}.Debug|Any CPU.ActiveCfg = Debug|Any CPU
		{27CF0248-033B-4B7A-887E-1F7066AA916E}.Debug|Any CPU.Build.0 = Debug|Any CPU
		{27CF0248-033B-4B7A-887E-1F7066AA916E}.Release|Any CPU.ActiveCfg = Release|Any CPU
		{27CF0248-033B-4B7A-887E-1F7066AA916E}.Release|Any CPU.Build.0 = Release|Any CPU
		{1EE6C1BF-0474-4C44-AF69-8BD623A68985}.Debug|Any CPU.ActiveCfg = Debug|Any CPU
		{1EE6C1BF-0474-4C44-AF69-8BD623A68985}.Debug|Any CPU.Build.0 = Debug|Any CPU
		{1EE6C1BF-0474-4C44-AF69-8BD623A68985}.Release|Any CPU.ActiveCfg = Release|Any CPU
		{1EE6C1BF-0474-4C44-AF69-8BD623A68985}.Release|Any CPU.Build.0 = Release|Any CPU
	EndGlobalSection
	GlobalSection(SolutionProperties) = preSolution
		HideSolutionNode = FALSE
	EndGlobalSection
	GlobalSection(ExtensibilityGlobals) = postSolution
		SolutionGuid = {15DD9A54-5EE7-4E4E-9144-523A73DB3E48}
	EndGlobalSection
EndGlobal
