
Microsoft Visual Studio Solution File, Format Version 12.00
# Visual Studio 15
VisualStudioVersion = 15.0.28307.329
MinimumVisualStudioVersion = 10.0.40219.1
Project("{FAE04EC0-301F-11D3-BF4B-00C04F79EFBC}") = "Structures", "Structures\Structures.csproj", "{633FB0FF-E302-486B-A1AB-31E3B2EAC398}"
EndProject
Project("{FAE04EC0-301F-11D3-BF4B-00C04F79EFBC}") = "Example", "Example\Example.csproj", "{6D593BF7-06D7-4059-A768-6CB47E7C5D28}"
EndProject
Project("{FAE04EC0-301F-11D3-BF4B-00C04F79EFBC}") = "EnumType", "EnumCollection\EnumType.csproj", "{D8BE3163-B06B-41A8-B82D-F6E2C72FB395}"
EndProject
Global
	GlobalSection(SolutionConfigurationPlatforms) = preSolution
		Debug|Any CPU = Debug|Any CPU
		Release|Any CPU = Release|Any CPU
	EndGlobalSection
	GlobalSection(ProjectConfigurationPlatforms) = postSolution
		{633FB0FF-E302-486B-A1AB-31E3B2EAC398}.Debug|Any CPU.ActiveCfg = Debug|Any CPU
		{633FB0FF-E302-486B-A1AB-31E3B2EAC398}.Debug|Any CPU.Build.0 = Debug|Any CPU
		{633FB0FF-E302-486B-A1AB-31E3B2EAC398}.Release|Any CPU.ActiveCfg = Release|Any CPU
		{633FB0FF-E302-486B-A1AB-31E3B2EAC398}.Release|Any CPU.Build.0 = Release|Any CPU
		{6D593BF7-06D7-4059-A768-6CB47E7C5D28}.Debug|Any CPU.ActiveCfg = Debug|Any CPU
		{6D593BF7-06D7-4059-A768-6CB47E7C5D28}.Debug|Any CPU.Build.0 = Debug|Any CPU
		{6D593BF7-06D7-4059-A768-6CB47E7C5D28}.Release|Any CPU.ActiveCfg = Release|Any CPU
		{6D593BF7-06D7-4059-A768-6CB47E7C5D28}.Release|Any CPU.Build.0 = Release|Any CPU
		{D8BE3163-B06B-41A8-B82D-F6E2C72FB395}.Debug|Any CPU.ActiveCfg = Debug|Any CPU
		{D8BE3163-B06B-41A8-B82D-F6E2C72FB395}.Debug|Any CPU.Build.0 = Debug|Any CPU
		{D8BE3163-B06B-41A8-B82D-F6E2C72FB395}.Release|Any CPU.ActiveCfg = Release|Any CPU
		{D8BE3163-B06B-41A8-B82D-F6E2C72FB395}.Release|Any CPU.Build.0 = Release|Any CPU
	EndGlobalSection
	GlobalSection(SolutionProperties) = preSolution
		HideSolutionNode = FALSE
	EndGlobalSection
	GlobalSection(ExtensibilityGlobals) = postSolution
		SolutionGuid = {C829DA6F-B25C-4531-89EB-5D2CB86FC02E}
	EndGlobalSection
EndGlobal
